
Microsoft Visual Studio Solution File, Format Version 12.00
# Visual Studio Version 16
VisualStudioVersion = 16.0.29324.140
MinimumVisualStudioVersion = 10.0.40219.1
Project("{9A19103F-16F7-4668-BE54-9A1E7A4F7556}") = "OnlineStore.MQService", "OnlineStore.MQService\OnlineStore.MQService.csproj", "{07B0A43E-E434-444E-BB54-44BCD9F2F186}"
EndProject
Project("{9A19103F-16F7-4668-BE54-9A1E7A4F7556}") = "OnlineStore.MQ", "OnlineStore.MQ\OnlineStore.MQ.csproj", "{64096AA5-706C-4CCB-A8FD-CEA025050789}"
EndProject
Project("{9A19103F-16F7-4668-BE54-9A1E7A4F7556}") = "OnlineStore.Entity", "OnlineStore.Entity\OnlineStore.Entity.csproj", "{A7C053BB-927E-450A-B66B-73644959903B}"
EndProject
Project("{9A19103F-16F7-4668-BE54-9A1E7A4F7556}") = "OnlineStore.Data.Contracts", "OnlineStore.Data.Contracts\OnlineStore.Data.Contracts.csproj", "{73705E53-007C-450A-A3A6-6B6639EFBBB0}"
EndProject
Project("{9A19103F-16F7-4668-BE54-9A1E7A4F7556}") = "OnlineStore.Data", "OnlineStore.Data\OnlineStore.Data.csproj", "{B9ADEC7E-A68B-48A6-B18E-B7BE91BEE4C9}"
EndProject
Project("{9A19103F-16F7-4668-BE54-9A1E7A4F7556}") = "OnlineStore.Core.Contracts", "OnlineStore.Core.Contracts\OnlineStore.Core.Contracts.csproj", "{FD6A6AA4-117C-476B-9889-2B1342959812}"
EndProject
Project("{9A19103F-16F7-4668-BE54-9A1E7A4F7556}") = "OnlineStore.Core", "OnlineStore.Core\OnlineStore.Core.csproj", "{65B2B989-A98C-4AAD-B1F5-FA1A713913C1}"
EndProject
Project("{9A19103F-16F7-4668-BE54-9A1E7A4F7556}") = "OnlineStore.Business.Contracts", "OnlineStore.Business.Contracts\OnlineStore.Business.Contracts.csproj", "{B8F60250-1A65-42F6-B8D9-2FCF3BB103CD}"
EndProject
Project("{9A19103F-16F7-4668-BE54-9A1E7A4F7556}") = "OnlineStore.Business", "OnlineStore.Business\OnlineStore.Business.csproj", "{7A1BEB06-0864-4070-9E30-61B48D2F7605}"
EndProject
Project("{9A19103F-16F7-4668-BE54-9A1E7A4F7556}") = "OnlineStore.API", "OnlineStore.API\OnlineStore.API.csproj", "{7E87CD06-F5C9-4253-9050-1CCD19676652}"
EndProject
Project("{9A19103F-16F7-4668-BE54-9A1E7A4F7556}") = "OnlineStore.GrpcService", "OnlineStore.GrpcService\OnlineStore.GrpcService.csproj", "{BB3ED8AE-2671-4D6E-A3E0-B5CEE8BE3C62}"
EndProject
Project("{9A19103F-16F7-4668-BE54-9A1E7A4F7556}") = "OnlineStore.GrpcClient", "OnlineStore.GrpcClient\OnlineStore.GrpcClient.csproj", "{BAFD0002-C321-41A1-A7F3-184BC5436D03}"
EndProject
Project("{2150E333-8FDC-42A3-9474-1A3956D46DE8}") = "Data", "Data", "{240BB2F7-15CF-4206-BCCB-6E65FF16528C}"
EndProject
Project("{2150E333-8FDC-42A3-9474-1A3956D46DE8}") = "Business", "Business", "{8CAFF2BC-FF0B-43F9-B40E-5C3ED8853E76}"
EndProject
Project("{2150E333-8FDC-42A3-9474-1A3956D46DE8}") = "Core", "Core", "{E56DB4AA-96A6-4639-97D3-A06D00C222F9}"
EndProject
Project("{2150E333-8FDC-42A3-9474-1A3956D46DE8}") = "Entities", "Entities", "{E9F15D72-19C3-463F-95EB-E3B73B8857C2}"
EndProject
Project("{2150E333-8FDC-42A3-9474-1A3956D46DE8}") = "MessageQueue", "MessageQueue", "{18E7BD5E-44B9-40D0-A8FF-0CE2C033D7C5}"
EndProject
Project("{2150E333-8FDC-42A3-9474-1A3956D46DE8}") = "Utilities", "Utilities", "{6601FF57-EBE0-4EC6-915A-79CECB186C62}"
EndProject
Project("{2150E333-8FDC-42A3-9474-1A3956D46DE8}") = "API", "API", "{37D3B79E-57CE-47FA-B312-20F4C4232766}"
EndProject
Project("{2150E333-8FDC-42A3-9474-1A3956D46DE8}") = "Client", "Client", "{1C995686-B4F7-4DFA-A104-BB4089029118}"
EndProject
Project("{2150E333-8FDC-42A3-9474-1A3956D46DE8}") = "Aspect", "Aspect", "{1AF9B3BA-5CE0-459B-96BC-DDF18178A73F}"
EndProject
Project("{9A19103F-16F7-4668-BE54-9A1E7A4F7556}") = "ATCommon.Aspect.Contracts", "ATCommon.Aspect.Contracts\ATCommon.Aspect.Contracts.csproj", "{A40310BA-716F-44FD-8770-C027E385D76B}"
EndProject
Project("{FAE04EC0-301F-11D3-BF4B-00C04F79EFBC}") = "ATCommon.Aspect", "ATCommon.Aspect\ATCommon.Aspect.csproj", "{9D18EF96-2A34-4877-9B9B-212592C5A686}"
EndProject
Project("{2150E333-8FDC-42A3-9474-1A3956D46DE8}") = "Caching", "Caching", "{EB5341AA-50E5-414F-B55A-82D19F8ACC98}"
EndProject
Project("{FAE04EC0-301F-11D3-BF4B-00C04F79EFBC}") = "ATCommon.Caching.Contracts", "ATCommon.Caching.Contracts\ATCommon.Caching.Contracts.csproj", "{BEAC0A08-0AD2-4D91-BDBB-2894A8F3FBB3}"
EndProject
Project("{FAE04EC0-301F-11D3-BF4B-00C04F79EFBC}") = "ATCommon.Caching.Redis", "ATCommon.Caching.Redis\ATCommon.Caching.Redis.csproj", "{2AE5B0F1-3135-4E16-998C-968490B84F95}"
EndProject
Project("{FAE04EC0-301F-11D3-BF4B-00C04F79EFBC}") = "ATCommon.Caching.Memcached", "ATCommon.Caching.Memcached\ATCommon.Caching.Memcached.csproj", "{F707725A-8939-47AF-A2BA-F9EFA11FB370}"
EndProject
Project("{2150E333-8FDC-42A3-9474-1A3956D46DE8}") = "Logging", "Logging", "{82CB139C-0BA8-4613-9D39-E19C6839F18B}"
EndProject
Project("{FAE04EC0-301F-11D3-BF4B-00C04F79EFBC}") = "ATCommon.Logging.Contracts", "ATCommon.Logging.Contracts\ATCommon.Logging.Contracts.csproj", "{032849A1-46CA-4B46-B2B8-79F070F8A7BC}"
EndProject
Project("{FAE04EC0-301F-11D3-BF4B-00C04F79EFBC}") = "ATCommon.Logging", "ATCommon.Logging\ATCommon.Logging.csproj", "{FF9B5897-F5D6-44F7-8083-11D9F1F10072}"
EndProject
Project("{FAE04EC0-301F-11D3-BF4B-00C04F79EFBC}") = "ATCommon.Utilities", "ATCommon.Utilities\ATCommon.Utilities.csproj", "{FFDFFBDE-85A9-4B23-9945-C4F2956E2F41}"
EndProject
Global
	GlobalSection(SolutionConfigurationPlatforms) = preSolution
		Debug|Any CPU = Debug|Any CPU
		Release|Any CPU = Release|Any CPU
	EndGlobalSection
	GlobalSection(ProjectConfigurationPlatforms) = postSolution
		{07B0A43E-E434-444E-BB54-44BCD9F2F186}.Debug|Any CPU.ActiveCfg = Debug|Any CPU
		{07B0A43E-E434-444E-BB54-44BCD9F2F186}.Debug|Any CPU.Build.0 = Debug|Any CPU
		{07B0A43E-E434-444E-BB54-44BCD9F2F186}.Release|Any CPU.ActiveCfg = Release|Any CPU
		{07B0A43E-E434-444E-BB54-44BCD9F2F186}.Release|Any CPU.Build.0 = Release|Any CPU
		{64096AA5-706C-4CCB-A8FD-CEA025050789}.Debug|Any CPU.ActiveCfg = Debug|Any CPU
		{64096AA5-706C-4CCB-A8FD-CEA025050789}.Debug|Any CPU.Build.0 = Debug|Any CPU
		{64096AA5-706C-4CCB-A8FD-CEA025050789}.Release|Any CPU.ActiveCfg = Release|Any CPU
		{64096AA5-706C-4CCB-A8FD-CEA025050789}.Release|Any CPU.Build.0 = Release|Any CPU
		{A7C053BB-927E-450A-B66B-73644959903B}.Debug|Any CPU.ActiveCfg = Debug|Any CPU
		{A7C053BB-927E-450A-B66B-73644959903B}.Debug|Any CPU.Build.0 = Debug|Any CPU
		{A7C053BB-927E-450A-B66B-73644959903B}.Release|Any CPU.ActiveCfg = Release|Any CPU
		{A7C053BB-927E-450A-B66B-73644959903B}.Release|Any CPU.Build.0 = Release|Any CPU
		{73705E53-007C-450A-A3A6-6B6639EFBBB0}.Debug|Any CPU.ActiveCfg = Debug|Any CPU
		{73705E53-007C-450A-A3A6-6B6639EFBBB0}.Debug|Any CPU.Build.0 = Debug|Any CPU
		{73705E53-007C-450A-A3A6-6B6639EFBBB0}.Release|Any CPU.ActiveCfg = Release|Any CPU
		{73705E53-007C-450A-A3A6-6B6639EFBBB0}.Release|Any CPU.Build.0 = Release|Any CPU
		{B9ADEC7E-A68B-48A6-B18E-B7BE91BEE4C9}.Debug|Any CPU.ActiveCfg = Debug|Any CPU
		{B9ADEC7E-A68B-48A6-B18E-B7BE91BEE4C9}.Debug|Any CPU.Build.0 = Debug|Any CPU
		{B9ADEC7E-A68B-48A6-B18E-B7BE91BEE4C9}.Release|Any CPU.ActiveCfg = Release|Any CPU
		{B9ADEC7E-A68B-48A6-B18E-B7BE91BEE4C9}.Release|Any CPU.Build.0 = Release|Any CPU
		{FD6A6AA4-117C-476B-9889-2B1342959812}.Debug|Any CPU.ActiveCfg = Debug|Any CPU
		{FD6A6AA4-117C-476B-9889-2B1342959812}.Debug|Any CPU.Build.0 = Debug|Any CPU
		{FD6A6AA4-117C-476B-9889-2B1342959812}.Release|Any CPU.ActiveCfg = Release|Any CPU
		{FD6A6AA4-117C-476B-9889-2B1342959812}.Release|Any CPU.Build.0 = Release|Any CPU
		{65B2B989-A98C-4AAD-B1F5-FA1A713913C1}.Debug|Any CPU.ActiveCfg = Debug|Any CPU
		{65B2B989-A98C-4AAD-B1F5-FA1A713913C1}.Debug|Any CPU.Build.0 = Debug|Any CPU
		{65B2B989-A98C-4AAD-B1F5-FA1A713913C1}.Release|Any CPU.ActiveCfg = Release|Any CPU
		{65B2B989-A98C-4AAD-B1F5-FA1A713913C1}.Release|Any CPU.Build.0 = Release|Any CPU
		{B8F60250-1A65-42F6-B8D9-2FCF3BB103CD}.Debug|Any CPU.ActiveCfg = Debug|Any CPU
		{B8F60250-1A65-42F6-B8D9-2FCF3BB103CD}.Debug|Any CPU.Build.0 = Debug|Any CPU
		{B8F60250-1A65-42F6-B8D9-2FCF3BB103CD}.Release|Any CPU.ActiveCfg = Release|Any CPU
		{B8F60250-1A65-42F6-B8D9-2FCF3BB103CD}.Release|Any CPU.Build.0 = Release|Any CPU
		{7A1BEB06-0864-4070-9E30-61B48D2F7605}.Debug|Any CPU.ActiveCfg = Debug|Any CPU
		{7A1BEB06-0864-4070-9E30-61B48D2F7605}.Debug|Any CPU.Build.0 = Debug|Any CPU
		{7A1BEB06-0864-4070-9E30-61B48D2F7605}.Release|Any CPU.ActiveCfg = Release|Any CPU
		{7A1BEB06-0864-4070-9E30-61B48D2F7605}.Release|Any CPU.Build.0 = Release|Any CPU
		{7E87CD06-F5C9-4253-9050-1CCD19676652}.Debug|Any CPU.ActiveCfg = Debug|Any CPU
		{7E87CD06-F5C9-4253-9050-1CCD19676652}.Debug|Any CPU.Build.0 = Debug|Any CPU
		{7E87CD06-F5C9-4253-9050-1CCD19676652}.Release|Any CPU.ActiveCfg = Release|Any CPU
		{7E87CD06-F5C9-4253-9050-1CCD19676652}.Release|Any CPU.Build.0 = Release|Any CPU
		{BB3ED8AE-2671-4D6E-A3E0-B5CEE8BE3C62}.Debug|Any CPU.ActiveCfg = Debug|Any CPU
		{BB3ED8AE-2671-4D6E-A3E0-B5CEE8BE3C62}.Debug|Any CPU.Build.0 = Debug|Any CPU
		{BB3ED8AE-2671-4D6E-A3E0-B5CEE8BE3C62}.Release|Any CPU.ActiveCfg = Release|Any CPU
		{BB3ED8AE-2671-4D6E-A3E0-B5CEE8BE3C62}.Release|Any CPU.Build.0 = Release|Any CPU
		{BAFD0002-C321-41A1-A7F3-184BC5436D03}.Debug|Any CPU.ActiveCfg = Debug|Any CPU
		{BAFD0002-C321-41A1-A7F3-184BC5436D03}.Debug|Any CPU.Build.0 = Debug|Any CPU
		{BAFD0002-C321-41A1-A7F3-184BC5436D03}.Release|Any CPU.ActiveCfg = Release|Any CPU
		{BAFD0002-C321-41A1-A7F3-184BC5436D03}.Release|Any CPU.Build.0 = Release|Any CPU
		{A40310BA-716F-44FD-8770-C027E385D76B}.Debug|Any CPU.ActiveCfg = Debug|Any CPU
		{A40310BA-716F-44FD-8770-C027E385D76B}.Debug|Any CPU.Build.0 = Debug|Any CPU
		{A40310BA-716F-44FD-8770-C027E385D76B}.Release|Any CPU.ActiveCfg = Release|Any CPU
		{A40310BA-716F-44FD-8770-C027E385D76B}.Release|Any CPU.Build.0 = Release|Any CPU
		{9D18EF96-2A34-4877-9B9B-212592C5A686}.Debug|Any CPU.ActiveCfg = Debug|Any CPU
		{9D18EF96-2A34-4877-9B9B-212592C5A686}.Debug|Any CPU.Build.0 = Debug|Any CPU
		{9D18EF96-2A34-4877-9B9B-212592C5A686}.Release|Any CPU.ActiveCfg = Release|Any CPU
		{9D18EF96-2A34-4877-9B9B-212592C5A686}.Release|Any CPU.Build.0 = Release|Any CPU
		{BEAC0A08-0AD2-4D91-BDBB-2894A8F3FBB3}.Debug|Any CPU.ActiveCfg = Debug|Any CPU
		{BEAC0A08-0AD2-4D91-BDBB-2894A8F3FBB3}.Debug|Any CPU.Build.0 = Debug|Any CPU
		{BEAC0A08-0AD2-4D91-BDBB-2894A8F3FBB3}.Release|Any CPU.ActiveCfg = Release|Any CPU
		{BEAC0A08-0AD2-4D91-BDBB-2894A8F3FBB3}.Release|Any CPU.Build.0 = Release|Any CPU
		{2AE5B0F1-3135-4E16-998C-968490B84F95}.Debug|Any CPU.ActiveCfg = Debug|Any CPU
		{2AE5B0F1-3135-4E16-998C-968490B84F95}.Debug|Any CPU.Build.0 = Debug|Any CPU
		{2AE5B0F1-3135-4E16-998C-968490B84F95}.Release|Any CPU.ActiveCfg = Release|Any CPU
		{2AE5B0F1-3135-4E16-998C-968490B84F95}.Release|Any CPU.Build.0 = Release|Any CPU
		{F707725A-8939-47AF-A2BA-F9EFA11FB370}.Debug|Any CPU.ActiveCfg = Debug|Any CPU
		{F707725A-8939-47AF-A2BA-F9EFA11FB370}.Debug|Any CPU.Build.0 = Debug|Any CPU
		{F707725A-8939-47AF-A2BA-F9EFA11FB370}.Release|Any CPU.ActiveCfg = Release|Any CPU
		{F707725A-8939-47AF-A2BA-F9EFA11FB370}.Release|Any CPU.Build.0 = Release|Any CPU
		{032849A1-46CA-4B46-B2B8-79F070F8A7BC}.Debug|Any CPU.ActiveCfg = Debug|Any CPU
		{032849A1-46CA-4B46-B2B8-79F070F8A7BC}.Debug|Any CPU.Build.0 = Debug|Any CPU
		{032849A1-46CA-4B46-B2B8-79F070F8A7BC}.Release|Any CPU.ActiveCfg = Release|Any CPU
		{032849A1-46CA-4B46-B2B8-79F070F8A7BC}.Release|Any CPU.Build.0 = Release|Any CPU
		{FF9B5897-F5D6-44F7-8083-11D9F1F10072}.Debug|Any CPU.ActiveCfg = Debug|Any CPU
		{FF9B5897-F5D6-44F7-8083-11D9F1F10072}.Debug|Any CPU.Build.0 = Debug|Any CPU
		{FF9B5897-F5D6-44F7-8083-11D9F1F10072}.Release|Any CPU.ActiveCfg = Release|Any CPU
		{FF9B5897-F5D6-44F7-8083-11D9F1F10072}.Release|Any CPU.Build.0 = Release|Any CPU
		{FFDFFBDE-85A9-4B23-9945-C4F2956E2F41}.Debug|Any CPU.ActiveCfg = Debug|Any CPU
		{FFDFFBDE-85A9-4B23-9945-C4F2956E2F41}.Debug|Any CPU.Build.0 = Debug|Any CPU
		{FFDFFBDE-85A9-4B23-9945-C4F2956E2F41}.Release|Any CPU.ActiveCfg = Release|Any CPU
		{FFDFFBDE-85A9-4B23-9945-C4F2956E2F41}.Release|Any CPU.Build.0 = Release|Any CPU
	EndGlobalSection
	GlobalSection(SolutionProperties) = preSolution
		HideSolutionNode = FALSE
	EndGlobalSection
	GlobalSection(NestedProjects) = preSolution
		{07B0A43E-E434-444E-BB54-44BCD9F2F186} = {18E7BD5E-44B9-40D0-A8FF-0CE2C033D7C5}
		{64096AA5-706C-4CCB-A8FD-CEA025050789} = {18E7BD5E-44B9-40D0-A8FF-0CE2C033D7C5}
		{A7C053BB-927E-450A-B66B-73644959903B} = {E9F15D72-19C3-463F-95EB-E3B73B8857C2}
		{73705E53-007C-450A-A3A6-6B6639EFBBB0} = {240BB2F7-15CF-4206-BCCB-6E65FF16528C}
		{B9ADEC7E-A68B-48A6-B18E-B7BE91BEE4C9} = {240BB2F7-15CF-4206-BCCB-6E65FF16528C}
		{FD6A6AA4-117C-476B-9889-2B1342959812} = {E56DB4AA-96A6-4639-97D3-A06D00C222F9}
		{65B2B989-A98C-4AAD-B1F5-FA1A713913C1} = {E56DB4AA-96A6-4639-97D3-A06D00C222F9}
		{B8F60250-1A65-42F6-B8D9-2FCF3BB103CD} = {8CAFF2BC-FF0B-43F9-B40E-5C3ED8853E76}
		{7A1BEB06-0864-4070-9E30-61B48D2F7605} = {8CAFF2BC-FF0B-43F9-B40E-5C3ED8853E76}
		{7E87CD06-F5C9-4253-9050-1CCD19676652} = {37D3B79E-57CE-47FA-B312-20F4C4232766}
		{BB3ED8AE-2671-4D6E-A3E0-B5CEE8BE3C62} = {37D3B79E-57CE-47FA-B312-20F4C4232766}
		{BAFD0002-C321-41A1-A7F3-184BC5436D03} = {1C995686-B4F7-4DFA-A104-BB4089029118}
		{A40310BA-716F-44FD-8770-C027E385D76B} = {1AF9B3BA-5CE0-459B-96BC-DDF18178A73F}
		{9D18EF96-2A34-4877-9B9B-212592C5A686} = {1AF9B3BA-5CE0-459B-96BC-DDF18178A73F}
		{BEAC0A08-0AD2-4D91-BDBB-2894A8F3FBB3} = {EB5341AA-50E5-414F-B55A-82D19F8ACC98}
		{2AE5B0F1-3135-4E16-998C-968490B84F95} = {EB5341AA-50E5-414F-B55A-82D19F8ACC98}
		{F707725A-8939-47AF-A2BA-F9EFA11FB370} = {EB5341AA-50E5-414F-B55A-82D19F8ACC98}
		{032849A1-46CA-4B46-B2B8-79F070F8A7BC} = {82CB139C-0BA8-4613-9D39-E19C6839F18B}
		{FF9B5897-F5D6-44F7-8083-11D9F1F10072} = {82CB139C-0BA8-4613-9D39-E19C6839F18B}
		{FFDFFBDE-85A9-4B23-9945-C4F2956E2F41} = {6601FF57-EBE0-4EC6-915A-79CECB186C62}
	EndGlobalSection
	GlobalSection(ExtensibilityGlobals) = postSolution
		SolutionGuid = {7447EBF2-4973-498E-8B43-4315D1744D31}
	EndGlobalSection
EndGlobal
