
Microsoft Visual Studio Solution File, Format Version 12.00
# Visual Studio 15
VisualStudioVersion = 15.0.26124.0
MinimumVisualStudioVersion = 15.0.26124.0
Project("{FAE04EC0-301F-11D3-BF4B-00C04F79EFBC}") = "OnlineStore.API", "OnlineStore.API\OnlineStore.API.csproj", "{CF088B6B-C4F8-4913-A0C3-9A0EFFD8910C}"
EndProject
Project("{FAE04EC0-301F-11D3-BF4B-00C04F79EFBC}") = "OnlineStore.Business", "OnlineStore.Business\OnlineStore.Business.csproj", "{CC65FAF8-50E3-44A0-A124-CFEB54C786E8}"
EndProject
Project("{FAE04EC0-301F-11D3-BF4B-00C04F79EFBC}") = "OnlineStore.Business.Contracts", "OnlineStore.Business.Contracts\OnlineStore.Business.Contracts.csproj", "{90489B1E-999D-4737-9EAB-639CC2B989DC}"
EndProject
Project("{FAE04EC0-301F-11D3-BF4B-00C04F79EFBC}") = "OnlineStore.Core", "OnlineStore.Core\OnlineStore.Core.csproj", "{3BB5EEA1-A8B3-4A4B-B67F-C5FF2B7DBAB0}"
EndProject
Project("{FAE04EC0-301F-11D3-BF4B-00C04F79EFBC}") = "OnlineStore.Core.Contracts", "OnlineStore.Core.Contracts\OnlineStore.Core.Contracts.csproj", "{9F7F55C7-0B7D-4BB9-8431-5809AFBB5F60}"
EndProject
Project("{FAE04EC0-301F-11D3-BF4B-00C04F79EFBC}") = "OnlineStore.Data", "OnlineStore.Data\OnlineStore.Data.csproj", "{1B289981-31C3-434F-B0FA-DB498221DAAE}"
EndProject
Project("{FAE04EC0-301F-11D3-BF4B-00C04F79EFBC}") = "OnlineStore.Data.Contracts", "OnlineStore.Data.Contracts\OnlineStore.Data.Contracts.csproj", "{19A986D5-B3AE-4D80-AD5C-736E154B34E7}"
EndProject
Project("{FAE04EC0-301F-11D3-BF4B-00C04F79EFBC}") = "OnlineStore.Entity", "OnlineStore.Entity\OnlineStore.Entity.csproj", "{003ABD2C-83BB-4908-A02B-A93F52C73938}"
EndProject
Project("{FAE04EC0-301F-11D3-BF4B-00C04F79EFBC}") = "OnlineStore.MQService", "OnlineStore.MQService\OnlineStore.MQService.csproj", "{8DB0C876-00C0-4EDD-816A-16BA50F8852D}"
EndProject
Project("{FAE04EC0-301F-11D3-BF4B-00C04F79EFBC}") = "OnlineStore.Utilities", "OnlineStore.Utilities\OnlineStore.Utilities.csproj", "{F78F2E8F-C92C-4D6E-AA81-D446DC7D9456}"
EndProject
Project("{FAE04EC0-301F-11D3-BF4B-00C04F79EFBC}") = "OnlineStore.MQ", "OnlineStore.MQ\OnlineStore.MQ.csproj", "{7A74ED79-FD1B-4D02-A534-167722CC14D6}"
EndProject
Global
	GlobalSection(SolutionConfigurationPlatforms) = preSolution
		Debug|Any CPU = Debug|Any CPU
		Debug|x64 = Debug|x64
		Debug|x86 = Debug|x86
		Release|Any CPU = Release|Any CPU
		Release|x64 = Release|x64
		Release|x86 = Release|x86
	EndGlobalSection
	GlobalSection(SolutionProperties) = preSolution
		HideSolutionNode = FALSE
	EndGlobalSection
	GlobalSection(ProjectConfigurationPlatforms) = postSolution
		{CF088B6B-C4F8-4913-A0C3-9A0EFFD8910C}.Debug|Any CPU.ActiveCfg = Debug|Any CPU
		{CF088B6B-C4F8-4913-A0C3-9A0EFFD8910C}.Debug|Any CPU.Build.0 = Debug|Any CPU
		{CF088B6B-C4F8-4913-A0C3-9A0EFFD8910C}.Debug|x64.ActiveCfg = Debug|Any CPU
		{CF088B6B-C4F8-4913-A0C3-9A0EFFD8910C}.Debug|x64.Build.0 = Debug|Any CPU
		{CF088B6B-C4F8-4913-A0C3-9A0EFFD8910C}.Debug|x86.ActiveCfg = Debug|Any CPU
		{CF088B6B-C4F8-4913-A0C3-9A0EFFD8910C}.Debug|x86.Build.0 = Debug|Any CPU
		{CF088B6B-C4F8-4913-A0C3-9A0EFFD8910C}.Release|Any CPU.ActiveCfg = Release|Any CPU
		{CF088B6B-C4F8-4913-A0C3-9A0EFFD8910C}.Release|Any CPU.Build.0 = Release|Any CPU
		{CF088B6B-C4F8-4913-A0C3-9A0EFFD8910C}.Release|x64.ActiveCfg = Release|Any CPU
		{CF088B6B-C4F8-4913-A0C3-9A0EFFD8910C}.Release|x64.Build.0 = Release|Any CPU
		{CF088B6B-C4F8-4913-A0C3-9A0EFFD8910C}.Release|x86.ActiveCfg = Release|Any CPU
		{CF088B6B-C4F8-4913-A0C3-9A0EFFD8910C}.Release|x86.Build.0 = Release|Any CPU
		{CC65FAF8-50E3-44A0-A124-CFEB54C786E8}.Debug|Any CPU.ActiveCfg = Debug|Any CPU
		{CC65FAF8-50E3-44A0-A124-CFEB54C786E8}.Debug|Any CPU.Build.0 = Debug|Any CPU
		{CC65FAF8-50E3-44A0-A124-CFEB54C786E8}.Debug|x64.ActiveCfg = Debug|Any CPU
		{CC65FAF8-50E3-44A0-A124-CFEB54C786E8}.Debug|x64.Build.0 = Debug|Any CPU
		{CC65FAF8-50E3-44A0-A124-CFEB54C786E8}.Debug|x86.ActiveCfg = Debug|Any CPU
		{CC65FAF8-50E3-44A0-A124-CFEB54C786E8}.Debug|x86.Build.0 = Debug|Any CPU
		{CC65FAF8-50E3-44A0-A124-CFEB54C786E8}.Release|Any CPU.ActiveCfg = Release|Any CPU
		{CC65FAF8-50E3-44A0-A124-CFEB54C786E8}.Release|Any CPU.Build.0 = Release|Any CPU
		{CC65FAF8-50E3-44A0-A124-CFEB54C786E8}.Release|x64.ActiveCfg = Release|Any CPU
		{CC65FAF8-50E3-44A0-A124-CFEB54C786E8}.Release|x64.Build.0 = Release|Any CPU
		{CC65FAF8-50E3-44A0-A124-CFEB54C786E8}.Release|x86.ActiveCfg = Release|Any CPU
		{CC65FAF8-50E3-44A0-A124-CFEB54C786E8}.Release|x86.Build.0 = Release|Any CPU
		{90489B1E-999D-4737-9EAB-639CC2B989DC}.Debug|Any CPU.ActiveCfg = Debug|Any CPU
		{90489B1E-999D-4737-9EAB-639CC2B989DC}.Debug|Any CPU.Build.0 = Debug|Any CPU
		{90489B1E-999D-4737-9EAB-639CC2B989DC}.Debug|x64.ActiveCfg = Debug|Any CPU
		{90489B1E-999D-4737-9EAB-639CC2B989DC}.Debug|x64.Build.0 = Debug|Any CPU
		{90489B1E-999D-4737-9EAB-639CC2B989DC}.Debug|x86.ActiveCfg = Debug|Any CPU
		{90489B1E-999D-4737-9EAB-639CC2B989DC}.Debug|x86.Build.0 = Debug|Any CPU
		{90489B1E-999D-4737-9EAB-639CC2B989DC}.Release|Any CPU.ActiveCfg = Release|Any CPU
		{90489B1E-999D-4737-9EAB-639CC2B989DC}.Release|Any CPU.Build.0 = Release|Any CPU
		{90489B1E-999D-4737-9EAB-639CC2B989DC}.Release|x64.ActiveCfg = Release|Any CPU
		{90489B1E-999D-4737-9EAB-639CC2B989DC}.Release|x64.Build.0 = Release|Any CPU
		{90489B1E-999D-4737-9EAB-639CC2B989DC}.Release|x86.ActiveCfg = Release|Any CPU
		{90489B1E-999D-4737-9EAB-639CC2B989DC}.Release|x86.Build.0 = Release|Any CPU
		{3BB5EEA1-A8B3-4A4B-B67F-C5FF2B7DBAB0}.Debug|Any CPU.ActiveCfg = Debug|Any CPU
		{3BB5EEA1-A8B3-4A4B-B67F-C5FF2B7DBAB0}.Debug|Any CPU.Build.0 = Debug|Any CPU
		{3BB5EEA1-A8B3-4A4B-B67F-C5FF2B7DBAB0}.Debug|x64.ActiveCfg = Debug|Any CPU
		{3BB5EEA1-A8B3-4A4B-B67F-C5FF2B7DBAB0}.Debug|x64.Build.0 = Debug|Any CPU
		{3BB5EEA1-A8B3-4A4B-B67F-C5FF2B7DBAB0}.Debug|x86.ActiveCfg = Debug|Any CPU
		{3BB5EEA1-A8B3-4A4B-B67F-C5FF2B7DBAB0}.Debug|x86.Build.0 = Debug|Any CPU
		{3BB5EEA1-A8B3-4A4B-B67F-C5FF2B7DBAB0}.Release|Any CPU.ActiveCfg = Release|Any CPU
		{3BB5EEA1-A8B3-4A4B-B67F-C5FF2B7DBAB0}.Release|Any CPU.Build.0 = Release|Any CPU
		{3BB5EEA1-A8B3-4A4B-B67F-C5FF2B7DBAB0}.Release|x64.ActiveCfg = Release|Any CPU
		{3BB5EEA1-A8B3-4A4B-B67F-C5FF2B7DBAB0}.Release|x64.Build.0 = Release|Any CPU
		{3BB5EEA1-A8B3-4A4B-B67F-C5FF2B7DBAB0}.Release|x86.ActiveCfg = Release|Any CPU
		{3BB5EEA1-A8B3-4A4B-B67F-C5FF2B7DBAB0}.Release|x86.Build.0 = Release|Any CPU
		{9F7F55C7-0B7D-4BB9-8431-5809AFBB5F60}.Debug|Any CPU.ActiveCfg = Debug|Any CPU
		{9F7F55C7-0B7D-4BB9-8431-5809AFBB5F60}.Debug|Any CPU.Build.0 = Debug|Any CPU
		{9F7F55C7-0B7D-4BB9-8431-5809AFBB5F60}.Debug|x64.ActiveCfg = Debug|Any CPU
		{9F7F55C7-0B7D-4BB9-8431-5809AFBB5F60}.Debug|x64.Build.0 = Debug|Any CPU
		{9F7F55C7-0B7D-4BB9-8431-5809AFBB5F60}.Debug|x86.ActiveCfg = Debug|Any CPU
		{9F7F55C7-0B7D-4BB9-8431-5809AFBB5F60}.Debug|x86.Build.0 = Debug|Any CPU
		{9F7F55C7-0B7D-4BB9-8431-5809AFBB5F60}.Release|Any CPU.ActiveCfg = Release|Any CPU
		{9F7F55C7-0B7D-4BB9-8431-5809AFBB5F60}.Release|Any CPU.Build.0 = Release|Any CPU
		{9F7F55C7-0B7D-4BB9-8431-5809AFBB5F60}.Release|x64.ActiveCfg = Release|Any CPU
		{9F7F55C7-0B7D-4BB9-8431-5809AFBB5F60}.Release|x64.Build.0 = Release|Any CPU
		{9F7F55C7-0B7D-4BB9-8431-5809AFBB5F60}.Release|x86.ActiveCfg = Release|Any CPU
		{9F7F55C7-0B7D-4BB9-8431-5809AFBB5F60}.Release|x86.Build.0 = Release|Any CPU
		{1B289981-31C3-434F-B0FA-DB498221DAAE}.Debug|Any CPU.ActiveCfg = Debug|Any CPU
		{1B289981-31C3-434F-B0FA-DB498221DAAE}.Debug|Any CPU.Build.0 = Debug|Any CPU
		{1B289981-31C3-434F-B0FA-DB498221DAAE}.Debug|x64.ActiveCfg = Debug|Any CPU
		{1B289981-31C3-434F-B0FA-DB498221DAAE}.Debug|x64.Build.0 = Debug|Any CPU
		{1B289981-31C3-434F-B0FA-DB498221DAAE}.Debug|x86.ActiveCfg = Debug|Any CPU
		{1B289981-31C3-434F-B0FA-DB498221DAAE}.Debug|x86.Build.0 = Debug|Any CPU
		{1B289981-31C3-434F-B0FA-DB498221DAAE}.Release|Any CPU.ActiveCfg = Release|Any CPU
		{1B289981-31C3-434F-B0FA-DB498221DAAE}.Release|Any CPU.Build.0 = Release|Any CPU
		{1B289981-31C3-434F-B0FA-DB498221DAAE}.Release|x64.ActiveCfg = Release|Any CPU
		{1B289981-31C3-434F-B0FA-DB498221DAAE}.Release|x64.Build.0 = Release|Any CPU
		{1B289981-31C3-434F-B0FA-DB498221DAAE}.Release|x86.ActiveCfg = Release|Any CPU
		{1B289981-31C3-434F-B0FA-DB498221DAAE}.Release|x86.Build.0 = Release|Any CPU
		{19A986D5-B3AE-4D80-AD5C-736E154B34E7}.Debug|Any CPU.ActiveCfg = Debug|Any CPU
		{19A986D5-B3AE-4D80-AD5C-736E154B34E7}.Debug|Any CPU.Build.0 = Debug|Any CPU
		{19A986D5-B3AE-4D80-AD5C-736E154B34E7}.Debug|x64.ActiveCfg = Debug|Any CPU
		{19A986D5-B3AE-4D80-AD5C-736E154B34E7}.Debug|x64.Build.0 = Debug|Any CPU
		{19A986D5-B3AE-4D80-AD5C-736E154B34E7}.Debug|x86.ActiveCfg = Debug|Any CPU
		{19A986D5-B3AE-4D80-AD5C-736E154B34E7}.Debug|x86.Build.0 = Debug|Any CPU
		{19A986D5-B3AE-4D80-AD5C-736E154B34E7}.Release|Any CPU.ActiveCfg = Release|Any CPU
		{19A986D5-B3AE-4D80-AD5C-736E154B34E7}.Release|Any CPU.Build.0 = Release|Any CPU
		{19A986D5-B3AE-4D80-AD5C-736E154B34E7}.Release|x64.ActiveCfg = Release|Any CPU
		{19A986D5-B3AE-4D80-AD5C-736E154B34E7}.Release|x64.Build.0 = Release|Any CPU
		{19A986D5-B3AE-4D80-AD5C-736E154B34E7}.Release|x86.ActiveCfg = Release|Any CPU
		{19A986D5-B3AE-4D80-AD5C-736E154B34E7}.Release|x86.Build.0 = Release|Any CPU
		{003ABD2C-83BB-4908-A02B-A93F52C73938}.Debug|Any CPU.ActiveCfg = Debug|Any CPU
		{003ABD2C-83BB-4908-A02B-A93F52C73938}.Debug|Any CPU.Build.0 = Debug|Any CPU
		{003ABD2C-83BB-4908-A02B-A93F52C73938}.Debug|x64.ActiveCfg = Debug|Any CPU
		{003ABD2C-83BB-4908-A02B-A93F52C73938}.Debug|x64.Build.0 = Debug|Any CPU
		{003ABD2C-83BB-4908-A02B-A93F52C73938}.Debug|x86.ActiveCfg = Debug|Any CPU
		{003ABD2C-83BB-4908-A02B-A93F52C73938}.Debug|x86.Build.0 = Debug|Any CPU
		{003ABD2C-83BB-4908-A02B-A93F52C73938}.Release|Any CPU.ActiveCfg = Release|Any CPU
		{003ABD2C-83BB-4908-A02B-A93F52C73938}.Release|Any CPU.Build.0 = Release|Any CPU
		{003ABD2C-83BB-4908-A02B-A93F52C73938}.Release|x64.ActiveCfg = Release|Any CPU
		{003ABD2C-83BB-4908-A02B-A93F52C73938}.Release|x64.Build.0 = Release|Any CPU
		{003ABD2C-83BB-4908-A02B-A93F52C73938}.Release|x86.ActiveCfg = Release|Any CPU
		{003ABD2C-83BB-4908-A02B-A93F52C73938}.Release|x86.Build.0 = Release|Any CPU
		{8DB0C876-00C0-4EDD-816A-16BA50F8852D}.Debug|Any CPU.ActiveCfg = Debug|Any CPU
		{8DB0C876-00C0-4EDD-816A-16BA50F8852D}.Debug|Any CPU.Build.0 = Debug|Any CPU
		{8DB0C876-00C0-4EDD-816A-16BA50F8852D}.Debug|x64.ActiveCfg = Debug|Any CPU
		{8DB0C876-00C0-4EDD-816A-16BA50F8852D}.Debug|x64.Build.0 = Debug|Any CPU
		{8DB0C876-00C0-4EDD-816A-16BA50F8852D}.Debug|x86.ActiveCfg = Debug|Any CPU
		{8DB0C876-00C0-4EDD-816A-16BA50F8852D}.Debug|x86.Build.0 = Debug|Any CPU
		{8DB0C876-00C0-4EDD-816A-16BA50F8852D}.Release|Any CPU.ActiveCfg = Release|Any CPU
		{8DB0C876-00C0-4EDD-816A-16BA50F8852D}.Release|Any CPU.Build.0 = Release|Any CPU
		{8DB0C876-00C0-4EDD-816A-16BA50F8852D}.Release|x64.ActiveCfg = Release|Any CPU
		{8DB0C876-00C0-4EDD-816A-16BA50F8852D}.Release|x64.Build.0 = Release|Any CPU
		{8DB0C876-00C0-4EDD-816A-16BA50F8852D}.Release|x86.ActiveCfg = Release|Any CPU
		{8DB0C876-00C0-4EDD-816A-16BA50F8852D}.Release|x86.Build.0 = Release|Any CPU
		{F78F2E8F-C92C-4D6E-AA81-D446DC7D9456}.Debug|Any CPU.ActiveCfg = Debug|Any CPU
		{F78F2E8F-C92C-4D6E-AA81-D446DC7D9456}.Debug|Any CPU.Build.0 = Debug|Any CPU
		{F78F2E8F-C92C-4D6E-AA81-D446DC7D9456}.Debug|x64.ActiveCfg = Debug|Any CPU
		{F78F2E8F-C92C-4D6E-AA81-D446DC7D9456}.Debug|x64.Build.0 = Debug|Any CPU
		{F78F2E8F-C92C-4D6E-AA81-D446DC7D9456}.Debug|x86.ActiveCfg = Debug|Any CPU
		{F78F2E8F-C92C-4D6E-AA81-D446DC7D9456}.Debug|x86.Build.0 = Debug|Any CPU
		{F78F2E8F-C92C-4D6E-AA81-D446DC7D9456}.Release|Any CPU.ActiveCfg = Release|Any CPU
		{F78F2E8F-C92C-4D6E-AA81-D446DC7D9456}.Release|Any CPU.Build.0 = Release|Any CPU
		{F78F2E8F-C92C-4D6E-AA81-D446DC7D9456}.Release|x64.ActiveCfg = Release|Any CPU
		{F78F2E8F-C92C-4D6E-AA81-D446DC7D9456}.Release|x64.Build.0 = Release|Any CPU
		{F78F2E8F-C92C-4D6E-AA81-D446DC7D9456}.Release|x86.ActiveCfg = Release|Any CPU
		{F78F2E8F-C92C-4D6E-AA81-D446DC7D9456}.Release|x86.Build.0 = Release|Any CPU
		{7A74ED79-FD1B-4D02-A534-167722CC14D6}.Debug|Any CPU.ActiveCfg = Debug|Any CPU
		{7A74ED79-FD1B-4D02-A534-167722CC14D6}.Debug|Any CPU.Build.0 = Debug|Any CPU
		{7A74ED79-FD1B-4D02-A534-167722CC14D6}.Debug|x64.ActiveCfg = Debug|Any CPU
		{7A74ED79-FD1B-4D02-A534-167722CC14D6}.Debug|x64.Build.0 = Debug|Any CPU
		{7A74ED79-FD1B-4D02-A534-167722CC14D6}.Debug|x86.ActiveCfg = Debug|Any CPU
		{7A74ED79-FD1B-4D02-A534-167722CC14D6}.Debug|x86.Build.0 = Debug|Any CPU
		{7A74ED79-FD1B-4D02-A534-167722CC14D6}.Release|Any CPU.ActiveCfg = Release|Any CPU
		{7A74ED79-FD1B-4D02-A534-167722CC14D6}.Release|Any CPU.Build.0 = Release|Any CPU
		{7A74ED79-FD1B-4D02-A534-167722CC14D6}.Release|x64.ActiveCfg = Release|Any CPU
		{7A74ED79-FD1B-4D02-A534-167722CC14D6}.Release|x64.Build.0 = Release|Any CPU
		{7A74ED79-FD1B-4D02-A534-167722CC14D6}.Release|x86.ActiveCfg = Release|Any CPU
		{7A74ED79-FD1B-4D02-A534-167722CC14D6}.Release|x86.Build.0 = Release|Any CPU
	EndGlobalSection
EndGlobal
